// !$*UTF8*$!
{
	archiveVersion = 1;
	classes = {
	};
	objectVersion = 50;
	objects = {

/* Begin PBXBuildFile section */
		CAF2760A2433347900DAE06E /* AppDelegate.m in Sources */ = {isa = PBXBuildFile; fileRef = CAF276092433347900DAE06E /* AppDelegate.m */; };
		CAF276102433347900DAE06E /* ViewController.m in Sources */ = {isa = PBXBuildFile; fileRef = CAF2760F2433347900DAE06E /* ViewController.m */; };
		CAF276132433347900DAE06E /* Main.storyboard in Resources */ = {isa = PBXBuildFile; fileRef = CAF276112433347900DAE06E /* Main.storyboard */; };
		CAF276152433347A00DAE06E /* Assets.xcassets in Resources */ = {isa = PBXBuildFile; fileRef = CAF276142433347A00DAE06E /* Assets.xcassets */; };
		CAF276182433347A00DAE06E /* LaunchScreen.storyboard in Resources */ = {isa = PBXBuildFile; fileRef = CAF276162433347A00DAE06E /* LaunchScreen.storyboard */; };
		CAF2761B2433347A00DAE06E /* main.m in Sources */ = {isa = PBXBuildFile; fileRef = CAF2761A2433347A00DAE06E /* main.m */; };
		CAF276232433354500DAE06E /* Manager.m in Sources */ = {isa = PBXBuildFile; fileRef = CAF276222433354500DAE06E /* Manager.m */; };
/* End PBXBuildFile section */

/* Begin PBXFileReference section */
		CAF276052433347900DAE06E /* ObjectiveCSample.app */ = {isa = PBXFileReference; explicitFileType = wrapper.application; includeInIndex = 0; path = ObjectiveCSample.app; sourceTree = BUILT_PRODUCTS_DIR; };
		CAF276082433347900DAE06E /* AppDelegate.h */ = {isa = PBXFileReference; lastKnownFileType = sourcecode.c.h; path = AppDelegate.h; sourceTree = "<group>"; };
		CAF276092433347900DAE06E /* AppDelegate.m */ = {isa = PBXFileReference; lastKnownFileType = sourcecode.c.objc; path = AppDelegate.m; sourceTree = "<group>"; };
		CAF2760E2433347900DAE06E /* ViewController.h */ = {isa = PBXFileReference; lastKnownFileType = sourcecode.c.h; path = ViewController.h; sourceTree = "<group>"; };
		CAF2760F2433347900DAE06E /* ViewController.m */ = {isa = PBXFileReference; lastKnownFileType = sourcecode.c.objc; path = ViewController.m; sourceTree = "<group>"; };
		CAF276122433347900DAE06E /* Base */ = {isa = PBXFileReference; lastKnownFileType = file.storyboard; name = Base; path = Base.lproj/Main.storyboard; sourceTree = "<group>"; };
		CAF276142433347A00DAE06E /* Assets.xcassets */ = {isa = PBXFileReference; lastKnownFileType = folder.assetcatalog; path = Assets.xcassets; sourceTree = "<group>"; };
		CAF276172433347A00DAE06E /* Base */ = {isa = PBXFileReference; lastKnownFileType = file.storyboard; name = Base; path = Base.lproj/LaunchScreen.storyboard; sourceTree = "<group>"; };
		CAF276192433347A00DAE06E /* Info.plist */ = {isa = PBXFileReference; lastKnownFileType = text.plist.xml; path = Info.plist; sourceTree = "<group>"; };
		CAF2761A2433347A00DAE06E /* main.m */ = {isa = PBXFileReference; lastKnownFileType = sourcecode.c.objc; path = main.m; sourceTree = "<group>"; };
		CAF276212433352F00DAE06E /* Manager.h */ = {isa = PBXFileReference; lastKnownFileType = sourcecode.c.h; path = Manager.h; sourceTree = "<group>"; };
		CAF276222433354500DAE06E /* Manager.m */ = {isa = PBXFileReference; lastKnownFileType = sourcecode.c.objc; path = Manager.m; sourceTree = "<group>"; };
/* End PBXFileReference section */

/* Begin PBXFrameworksBuildPhase section */
		CAF276022433347900DAE06E /* Frameworks */ = {
			isa = PBXFrameworksBuildPhase;
			buildActionMask = 2147483647;
			files = (
			);
			runOnlyForDeploymentPostprocessing = 0;
		};
/* End PBXFrameworksBuildPhase section */

/* Begin PBXGroup section */
		CAF275FC2433347900DAE06E = {
			isa = PBXGroup;
			children = (
				CAF276072433347900DAE06E /* ObjectiveCSample */,
				CAF276062433347900DAE06E /* Products */,
			);
			sourceTree = "<group>";
		};
		CAF276062433347900DAE06E /* Products */ = {
			isa = PBXGroup;
			children = (
				CAF276052433347900DAE06E /* ObjectiveCSample.app */,
			);
			name = Products;
			sourceTree = "<group>";
		};
		CAF276072433347900DAE06E /* ObjectiveCSample */ = {
			isa = PBXGroup;
			children = (
				CAF276082433347900DAE06E /* AppDelegate.h */,
				CAF276092433347900DAE06E /* AppDelegate.m */,
				CAF2760E2433347900DAE06E /* ViewController.h */,
				CAF2760F2433347900DAE06E /* ViewController.m */,
				CAF276112433347900DAE06E /* Main.storyboard */,
				CAF276212433352F00DAE06E /* Manager.h */,
				CAF276222433354500DAE06E /* Manager.m */,
				CAF276142433347A00DAE06E /* Assets.xcassets */,
				CAF276162433347A00DAE06E /* LaunchScreen.storyboard */,
				CAF276192433347A00DAE06E /* Info.plist */,
				CAF2761A2433347A00DAE06E /* main.m */,
			);
			path = ObjectiveCSample;
			sourceTree = "<group>";
		};
/* End PBXGroup section */

/* Begin PBXNativeTarget section */
		CAF276042433347900DAE06E /* ObjectiveCSample */ = {
			isa = PBXNativeTarget;
			buildConfigurationList = CAF2761E2433347A00DAE06E /* Build configuration list for PBXNativeTarget "ObjectiveCSample" */;
			buildPhases = (
				CAF276012433347900DAE06E /* Sources */,
				CAF276022433347900DAE06E /* Frameworks */,
				CAF276032433347900DAE06E /* Resources */,
			);
			buildRules = (
			);
			dependencies = (
			);
			name = ObjectiveCSample;
			productName = ObjectiveCSample;
			productReference = CAF276052433347900DAE06E /* ObjectiveCSample.app */;
			productType = "com.apple.product-type.application";
		};
/* End PBXNativeTarget section */

/* Begin PBXProject section */
		CAF275FD2433347900DAE06E /* Project object */ = {
			isa = PBXProject;
			attributes = {
				LastUpgradeCheck = 1140;
				ORGANIZATIONNAME = "Yongseok Choi";
				TargetAttributes = {
					CAF276042433347900DAE06E = {
						CreatedOnToolsVersion = 11.4;
					};
				};
			};
			buildConfigurationList = CAF276002433347900DAE06E /* Build configuration list for PBXProject "ObjectiveCSample" */;
			compatibilityVersion = "Xcode 9.3";
			developmentRegion = en;
			hasScannedForEncodings = 0;
			knownRegions = (
				en,
				Base,
			);
			mainGroup = CAF275FC2433347900DAE06E;
			productRefGroup = CAF276062433347900DAE06E /* Products */;
			projectDirPath = "";
			projectRoot = "";
			targets = (
				CAF276042433347900DAE06E /* ObjectiveCSample */,
			);
		};
/* End PBXProject section */

/* Begin PBXResourcesBuildPhase section */
		CAF276032433347900DAE06E /* Resources */ = {
			isa = PBXResourcesBuildPhase;
			buildActionMask = 2147483647;
			files = (
				CAF276182433347A00DAE06E /* LaunchScreen.storyboard in Resources */,
				CAF276152433347A00DAE06E /* Assets.xcassets in Resources */,
				CAF276132433347900DAE06E /* Main.storyboard in Resources */,
			);
			runOnlyForDeploymentPostprocessing = 0;
		};
/* End PBXResourcesBuildPhase section */

/* Begin PBXSourcesBuildPhase section */
		CAF276012433347900DAE06E /* Sources */ = {
			isa = PBXSourcesBuildPhase;
			buildActionMask = 2147483647;
			files = (
				CAF276102433347900DAE06E /* ViewController.m in Sources */,
				CAF2760A2433347900DAE06E /* AppDelegate.m in Sources */,
				CAF2761B2433347A00DAE06E /* main.m in Sources */,
				CAF276232433354500DAE06E /* Manager.m in Sources */,
			);
			runOnlyForDeploymentPostprocessing = 0;
		};
/* End PBXSourcesBuildPhase section */

/* Begin PBXVariantGroup section */
		CAF276112433347900DAE06E /* Main.storyboard */ = {
			isa = PBXVariantGroup;
			children = (
				CAF276122433347900DAE06E /* Base */,
			);
			name = Main.storyboard;
			sourceTree = "<group>";
		};
		CAF276162433347A00DAE06E /* LaunchScreen.storyboard */ = {
			isa = PBXVariantGroup;
			children = (
				CAF276172433347A00DAE06E /* Base */,
			);
			name = LaunchScreen.storyboard;
			sourceTree = "<group>";
		};
/* End PBXVariantGroup section */

/* Begin XCBuildConfiguration section */
		CAF2761C2433347A00DAE06E /* Debug */ = {
			isa = XCBuildConfiguration;
			buildSettings = {
				ALWAYS_SEARCH_USER_PATHS = NO;
				CLANG_ANALYZER_NONNULL = YES;
				CLANG_ANALYZER_NUMBER_OBJECT_CONVERSION = YES_AGGRESSIVE;
				CLANG_CXX_LANGUAGE_STANDARD = "gnu++14";
				CLANG_CXX_LIBRARY = "libc++";
				CLANG_ENABLE_MODULES = YES;
				CLANG_ENABLE_OBJC_ARC = YES;
				CLANG_ENABLE_OBJC_WEAK = YES;
				CLANG_WARN_BLOCK_CAPTURE_AUTORELEASING = YES;
				CLANG_WARN_BOOL_CONVERSION = YES;
				CLANG_WARN_COMMA = YES;
				CLANG_WARN_CONSTANT_CONVERSION = YES;
				CLANG_WARN_DEPRECATED_OBJC_IMPLEMENTATIONS = YES;
				CLANG_WARN_DIRECT_OBJC_ISA_USAGE = YES_ERROR;
				CLANG_WARN_DOCUMENTATION_COMMENTS = YES;
				CLANG_WARN_EMPTY_BODY = YES;
				CLANG_WARN_ENUM_CONVERSION = YES;
				CLANG_WARN_INFINITE_RECURSION = YES;
				CLANG_WARN_INT_CONVERSION = YES;
				CLANG_WARN_NON_LITERAL_NULL_CONVERSION = YES;
				CLANG_WARN_OBJC_IMPLICIT_RETAIN_SELF = YES;
				CLANG_WARN_OBJC_LITERAL_CONVERSION = YES;
				CLANG_WARN_OBJC_ROOT_CLASS = YES_ERROR;
				CLANG_WARN_RANGE_LOOP_ANALYSIS = YES;
				CLANG_WARN_STRICT_PROTOTYPES = YES;
				CLANG_WARN_SUSPICIOUS_MOVE = YES;
				CLANG_WARN_UNGUARDED_AVAILABILITY = YES_AGGRESSIVE;
				CLANG_WARN_UNREACHABLE_CODE = YES;
				CLANG_WARN__DUPLICATE_METHOD_MATCH = YES;
				COPY_PHASE_STRIP = NO;
				DEBUG_INFORMATION_FORMAT = dwarf;
				ENABLE_STRICT_OBJC_MSGSEND = YES;
				ENABLE_TESTABILITY = YES;
				GCC_C_LANGUAGE_STANDARD = gnu11;
				GCC_DYNAMIC_NO_PIC = NO;
				GCC_NO_COMMON_BLOCKS = YES;
				GCC_OPTIMIZATION_LEVEL = 0;
				GCC_PREPROCESSOR_DEFINITIONS = (
					"DEBUG=1",
					"$(inherited)",
				);
				GCC_WARN_64_TO_32_BIT_CONVERSION = YES;
				GCC_WARN_ABOUT_RETURN_TYPE = YES_ERROR;
				GCC_WARN_UNDECLARED_SELECTOR = YES;
				GCC_WARN_UNINITIALIZED_AUTOS = YES_AGGRESSIVE;
				GCC_WARN_UNUSED_FUNCTION = YES;
				GCC_WARN_UNUSED_VARIABLE = YES;
				IPHONEOS_DEPLOYMENT_TARGET = 13.4;
				MTL_ENABLE_DEBUG_INFO = INCLUDE_SOURCE;
				MTL_FAST_MATH = YES;
				ONLY_ACTIVE_ARCH = YES;
				SDKROOT = iphoneos;
			};
			name = Debug;
		};
		CAF2761D2433347A00DAE06E /* Release */ = {
			isa = XCBuildConfiguration;
			buildSettings = {
				ALWAYS_SEARCH_USER_PATHS = NO;
				CLANG_ANALYZER_NONNULL = YES;
				CLANG_ANALYZER_NUMBER_OBJECT_CONVERSION = YES_AGGRESSIVE;
				CLANG_CXX_LANGUAGE_STANDARD = "gnu++14";
				CLANG_CXX_LIBRARY = "libc++";
				CLANG_ENABLE_MODULES = YES;
				CLANG_ENABLE_OBJC_ARC = YES;
				CLANG_ENABLE_OBJC_WEAK = YES;
				CLANG_WARN_BLOCK_CAPTURE_AUTORELEASING = YES;
				CLANG_WARN_BOOL_CONVERSION = YES;
				CLANG_WARN_COMMA = YES;
				CLANG_WARN_CONSTANT_CONVERSION = YES;
				CLANG_WARN_DEPRECATED_OBJC_IMPLEMENTATIONS = YES;
				CLANG_WARN_DIRECT_OBJC_ISA_USAGE = YES_ERROR;
				CLANG_WARN_DOCUMENTATION_COMMENTS = YES;
				CLANG_WARN_EMPTY_BODY = YES;
				CLANG_WARN_ENUM_CONVERSION = YES;
				CLANG_WARN_INFINITE_RECURSION = YES;
				CLANG_WARN_INT_CONVERSION = YES;
				CLANG_WARN_NON_LITERAL_NULL_CONVERSION = YES;
				CLANG_WARN_OBJC_IMPLICIT_RETAIN_SELF = YES;
				CLANG_WARN_OBJC_LITERAL_CONVERSION = YES;
				CLANG_WARN_OBJC_ROOT_CLASS = YES_ERROR;
				CLANG_WARN_RANGE_LOOP_ANALYSIS = YES;
				CLANG_WARN_STRICT_PROTOTYPES = YES;
				CLANG_WARN_SUSPICIOUS_MOVE = YES;
				CLANG_WARN_UNGUARDED_AVAILABILITY = YES_AGGRESSIVE;
				CLANG_WARN_UNREACHABLE_CODE = YES;
				CLANG_WARN__DUPLICATE_METHOD_MATCH = YES;
				COPY_PHASE_STRIP = NO;
				DEBUG_INFORMATION_FORMAT = "dwarf-with-dsym";
				ENABLE_NS_ASSERTIONS = NO;
				ENABLE_STRICT_OBJC_MSGSEND = YES;
				GCC_C_LANGUAGE_STANDARD = gnu11;
				GCC_NO_COMMON_BLOCKS = YES;
				GCC_WARN_64_TO_32_BIT_CONVERSION = YES;
				GCC_WARN_ABOUT_RETURN_TYPE = YES_ERROR;
				GCC_WARN_UNDECLARED_SELECTOR = YES;
				GCC_WARN_UNINITIALIZED_AUTOS = YES_AGGRESSIVE;
				GCC_WARN_UNUSED_FUNCTION = YES;
				GCC_WARN_UNUSED_VARIABLE = YES;
				IPHONEOS_DEPLOYMENT_TARGET = 13.4;
				MTL_ENABLE_DEBUG_INFO = NO;
				MTL_FAST_MATH = YES;
				SDKROOT = iphoneos;
				VALIDATE_PRODUCT = YES;
			};
			name = Release;
		};
		CAF2761F2433347A00DAE06E /* Debug */ = {
			isa = XCBuildConfiguration;
			buildSettings = {
				ASSETCATALOG_COMPILER_APPICON_NAME = AppIcon;
				CODE_SIGN_STYLE = Automatic;
				DEVELOPMENT_TEAM = X947N5A32A;
				INFOPLIST_FILE = ObjectiveCSample/Info.plist;
				LD_RUNPATH_SEARCH_PATHS = (
					"$(inherited)",
					"@executable_path/Frameworks",
				);
				PRODUCT_BUNDLE_IDENTIFIER = clyksb0731.ObjectiveCSample;
				PRODUCT_NAME = "$(TARGET_NAME)";
				TARGETED_DEVICE_FAMILY = "1,2";
			};
			name = Debug;
		};
		CAF276202433347A00DAE06E /* Release */ = {
			isa = XCBuildConfiguration;
			buildSettings = {
				ASSETCATALOG_COMPILER_APPICON_NAME = AppIcon;
				CODE_SIGN_STYLE = Automatic;
				DEVELOPMENT_TEAM = X947N5A32A;
				INFOPLIST_FILE = ObjectiveCSample/Info.plist;
				LD_RUNPATH_SEARCH_PATHS = (
					"$(inherited)",
					"@executable_path/Frameworks",
				);
				PRODUCT_BUNDLE_IDENTIFIER = clyksb0731.ObjectiveCSample;
				PRODUCT_NAME = "$(TARGET_NAME)";
				TARGETED_DEVICE_FAMILY = "1,2";
			};
			name = Release;
		};
/* End XCBuildConfiguration section */

/* Begin XCConfigurationList section */
		CAF276002433347900DAE06E /* Build configuration list for PBXProject "ObjectiveCSample" */ = {
			isa = XCConfigurationList;
			buildConfigurations = (
				CAF2761C2433347A00DAE06E /* Debug */,
				CAF2761D2433347A00DAE06E /* Release */,
			);
			defaultConfigurationIsVisible = 0;
			defaultConfigurationName = Release;
		};
		CAF2761E2433347A00DAE06E /* Build configuration list for PBXNativeTarget "ObjectiveCSample" */ = {
			isa = XCConfigurationList;
			buildConfigurations = (
				CAF2761F2433347A00DAE06E /* Debug */,
				CAF276202433347A00DAE06E /* Release */,
			);
			defaultConfigurationIsVisible = 0;
			defaultConfigurationName = Release;
		};
/* End XCConfigurationList section */
	};
	rootObject = CAF275FD2433347900DAE06E /* Project object */;
}
